// !$*UTF8*$!
{
	archiveVersion = 1;
	classes = {
	};
	objectVersion = 77;
	objects = {

/* Begin PBXBuildFile section */
		C30D53352D700CDF00508436 /* RevenueCat in Frameworks */ = {isa = PBXBuildFile; productRef = C30D53342D700CDF00508436 /* RevenueCat */; };
		C30D53372D700CDF00508436 /* RevenueCatUI in Frameworks */ = {isa = PBXBuildFile; productRef = C30D53362D700CDF00508436 /* RevenueCatUI */; };
		C30D533C2D700D8100508436 /* FirebaseAnalytics in Frameworks */ = {isa = PBXBuildFile; productRef = C30D533B2D700D8100508436 /* FirebaseAnalytics */; };
		C30D533E2D700D8100508436 /* FirebaseAppCheck in Frameworks */ = {isa = PBXBuildFile; productRef = C30D533D2D700D8100508436 /* FirebaseAppCheck */; };
		C30D53402D700D8100508436 /* FirebaseCrashlytics in Frameworks */ = {isa = PBXBuildFile; productRef = C30D533F2D700D8100508436 /* FirebaseCrashlytics */; };
		C30D53422D700D8100508436 /* FirebaseFirestore in Frameworks */ = {isa = PBXBuildFile; productRef = C30D53412D700D8100508436 /* FirebaseFirestore */; };
		C30D53442D700D8100508436 /* FirebaseFirestoreCombine-Community in Frameworks */ = {isa = PBXBuildFile; productRef = C30D53432D700D8100508436 /* FirebaseFirestoreCombine-Community */; };
		C30D53462D700D8100508436 /* FirebasePerformance in Frameworks */ = {isa = PBXBuildFile; productRef = C30D53452D700D8100508436 /* FirebasePerformance */; };
		C30D53482D700D8100508436 /* FirebaseRemoteConfig in Frameworks */ = {isa = PBXBuildFile; productRef = C30D53472D700D8100508436 /* FirebaseRemoteConfig */; };
		C30D534A2D700D8100508436 /* FirebaseStorage in Frameworks */ = {isa = PBXBuildFile; productRef = C30D53492D700D8100508436 /* FirebaseStorage */; };
		C30D534C2D700D8100508436 /* FirebaseStorageCombine-Community in Frameworks */ = {isa = PBXBuildFile; productRef = C30D534B2D700D8100508436 /* FirebaseStorageCombine-Community */; };
		C30D53542D7013DE00508436 /* FirebaseAuth in Frameworks */ = {isa = PBXBuildFile; productRef = C30D53532D7013DE00508436 /* FirebaseAuth */; };
/* End PBXBuildFile section */

/* Begin PBXContainerItemProxy section */
		C3B54C602D61C06000916BE5 /* PBXContainerItemProxy */ = {
			isa = PBXContainerItemProxy;
			containerPortal = C3B54C422D61C05E00916BE5 /* Project object */;
			proxyType = 1;
			remoteGlobalIDString = C3B54C492D61C05E00916BE5;
			remoteInfo = iSalah;
		};
		C3B54C6A2D61C06000916BE5 /* PBXContainerItemProxy */ = {
			isa = PBXContainerItemProxy;
			containerPortal = C3B54C422D61C05E00916BE5 /* Project object */;
			proxyType = 1;
			remoteGlobalIDString = C3B54C492D61C05E00916BE5;
			remoteInfo = iSalah;
		};
/* End PBXContainerItemProxy section */

/* Begin PBXFileReference section */
		C3B54C4A2D61C05E00916BE5 /* iSalah.app */ = {isa = PBXFileReference; explicitFileType = wrapper.application; includeInIndex = 0; path = iSalah.app; sourceTree = BUILT_PRODUCTS_DIR; };
		C3B54C5F2D61C06000916BE5 /* iSalahTests.xctest */ = {isa = PBXFileReference; explicitFileType = wrapper.cfbundle; includeInIndex = 0; path = iSalahTests.xctest; sourceTree = BUILT_PRODUCTS_DIR; };
		C3B54C692D61C06000916BE5 /* iSalahUITests.xctest */ = {isa = PBXFileReference; explicitFileType = wrapper.cfbundle; includeInIndex = 0; path = iSalahUITests.xctest; sourceTree = BUILT_PRODUCTS_DIR; };
/* End PBXFileReference section */

/* Begin PBXFileSystemSynchronizedBuildFileExceptionSet section */
		C386512F2D6E9BD9000B8558 /* Exceptions for "iSalah" folder in "iSalah" target */ = {
			isa = PBXFileSystemSynchronizedBuildFileExceptionSet;
			membershipExceptions = (
				Source/Info.plist,
			);
			target = C3B54C492D61C05E00916BE5 /* iSalah */;
		};
/* End PBXFileSystemSynchronizedBuildFileExceptionSet section */

/* Begin PBXFileSystemSynchronizedRootGroup section */
		C3B54C4C2D61C05E00916BE5 /* iSalah */ = {
			isa = PBXFileSystemSynchronizedRootGroup;
			exceptions = (
				C386512F2D6E9BD9000B8558 /* Exceptions for "iSalah" folder in "iSalah" target */,
			);
			path = iSalah;
			sourceTree = "<group>";
		};
		C3B54C622D61C06000916BE5 /* iSalahTests */ = {
			isa = PBXFileSystemSynchronizedRootGroup;
			path = iSalahTests;
			sourceTree = "<group>";
		};
		C3B54C6C2D61C06000916BE5 /* iSalahUITests */ = {
			isa = PBXFileSystemSynchronizedRootGroup;
			path = iSalahUITests;
			sourceTree = "<group>";
		};
/* End PBXFileSystemSynchronizedRootGroup section */

/* Begin PBXFrameworksBuildPhase section */
		C3B54C472D61C05E00916BE5 /* Frameworks */ = {
			isa = PBXFrameworksBuildPhase;
			buildActionMask = 2147483647;
			files = (
				C30D534C2D700D8100508436 /* FirebaseStorageCombine-Community in Frameworks */,
				C30D53482D700D8100508436 /* FirebaseRemoteConfig in Frameworks */,
				C30D533E2D700D8100508436 /* FirebaseAppCheck in Frameworks */,
				C30D53372D700CDF00508436 /* RevenueCatUI in Frameworks */,
				C30D534A2D700D8100508436 /* FirebaseStorage in Frameworks */,
				C30D53402D700D8100508436 /* FirebaseCrashlytics in Frameworks */,
				C30D53352D700CDF00508436 /* RevenueCat in Frameworks */,
				C30D53542D7013DE00508436 /* FirebaseAuth in Frameworks */,
				C30D533C2D700D8100508436 /* FirebaseAnalytics in Frameworks */,
				C30D53422D700D8100508436 /* FirebaseFirestore in Frameworks */,
				C30D53462D700D8100508436 /* FirebasePerformance in Frameworks */,
				C30D53442D700D8100508436 /* FirebaseFirestoreCombine-Community in Frameworks */,
			);
			runOnlyForDeploymentPostprocessing = 0;
		};
		C3B54C5C2D61C06000916BE5 /* Frameworks */ = {
			isa = PBXFrameworksBuildPhase;
			buildActionMask = 2147483647;
			files = (
			);
			runOnlyForDeploymentPostprocessing = 0;
		};
		C3B54C662D61C06000916BE5 /* Frameworks */ = {
			isa = PBXFrameworksBuildPhase;
			buildActionMask = 2147483647;
			files = (
			);
			runOnlyForDeploymentPostprocessing = 0;
		};
/* End PBXFrameworksBuildPhase section */

/* Begin PBXGroup section */
		C30D53522D7013DE00508436 /* Frameworks */ = {
			isa = PBXGroup;
			children = (
			);
			name = Frameworks;
			sourceTree = "<group>";
		};
		C3B54C412D61C05E00916BE5 = {
			isa = PBXGroup;
			children = (
				C3B54C4C2D61C05E00916BE5 /* iSalah */,
				C3B54C622D61C06000916BE5 /* iSalahTests */,
				C3B54C6C2D61C06000916BE5 /* iSalahUITests */,
				C30D53522D7013DE00508436 /* Frameworks */,
				C3B54C4B2D61C05E00916BE5 /* Products */,
			);
			sourceTree = "<group>";
		};
		C3B54C4B2D61C05E00916BE5 /* Products */ = {
			isa = PBXGroup;
			children = (
				C3B54C4A2D61C05E00916BE5 /* iSalah.app */,
				C3B54C5F2D61C06000916BE5 /* iSalahTests.xctest */,
				C3B54C692D61C06000916BE5 /* iSalahUITests.xctest */,
			);
			name = Products;
			sourceTree = "<group>";
		};
/* End PBXGroup section */

/* Begin PBXNativeTarget section */
		C3B54C492D61C05E00916BE5 /* iSalah */ = {
			isa = PBXNativeTarget;
			buildConfigurationList = C3B54C732D61C06000916BE5 /* Build configuration list for PBXNativeTarget "iSalah" */;
			buildPhases = (
				C3B54C462D61C05E00916BE5 /* Sources */,
				C3B54C472D61C05E00916BE5 /* Frameworks */,
				C3B54C482D61C05E00916BE5 /* Resources */,
			);
			buildRules = (
			);
			dependencies = (
			);
			fileSystemSynchronizedGroups = (
				C3B54C4C2D61C05E00916BE5 /* iSalah */,
			);
			name = iSalah;
			packageProductDependencies = (
				C30D53342D700CDF00508436 /* RevenueCat */,
				C30D53362D700CDF00508436 /* RevenueCatUI */,
				C30D533B2D700D8100508436 /* FirebaseAnalytics */,
				C30D533D2D700D8100508436 /* FirebaseAppCheck */,
				C30D533F2D700D8100508436 /* FirebaseCrashlytics */,
				C30D53412D700D8100508436 /* FirebaseFirestore */,
				C30D53432D700D8100508436 /* FirebaseFirestoreCombine-Community */,
				C30D53452D700D8100508436 /* FirebasePerformance */,
				C30D53472D700D8100508436 /* FirebaseRemoteConfig */,
				C30D53492D700D8100508436 /* FirebaseStorage */,
				C30D534B2D700D8100508436 /* FirebaseStorageCombine-Community */,
				C30D53532D7013DE00508436 /* FirebaseAuth */,
			);
			productName = iSalah;
			productReference = C3B54C4A2D61C05E00916BE5 /* iSalah.app */;
			productType = "com.apple.product-type.application";
		};
		C3B54C5E2D61C06000916BE5 /* iSalahTests */ = {
			isa = PBXNativeTarget;
			buildConfigurationList = C3B54C762D61C06000916BE5 /* Build configuration list for PBXNativeTarget "iSalahTests" */;
			buildPhases = (
				C3B54C5B2D61C06000916BE5 /* Sources */,
				C3B54C5C2D61C06000916BE5 /* Frameworks */,
				C3B54C5D2D61C06000916BE5 /* Resources */,
			);
			buildRules = (
			);
			dependencies = (
				C3B54C612D61C06000916BE5 /* PBXTargetDependency */,
			);
			fileSystemSynchronizedGroups = (
				C3B54C622D61C06000916BE5 /* iSalahTests */,
			);
			name = iSalahTests;
			packageProductDependencies = (
			);
			productName = iSalahTests;
			productReference = C3B54C5F2D61C06000916BE5 /* iSalahTests.xctest */;
			productType = "com.apple.product-type.bundle.unit-test";
		};
		C3B54C682D61C06000916BE5 /* iSalahUITests */ = {
			isa = PBXNativeTarget;
			buildConfigurationList = C3B54C792D61C06000916BE5 /* Build configuration list for PBXNativeTarget "iSalahUITests" */;
			buildPhases = (
				C3B54C652D61C06000916BE5 /* Sources */,
				C3B54C662D61C06000916BE5 /* Frameworks */,
				C3B54C672D61C06000916BE5 /* Resources */,
			);
			buildRules = (
			);
			dependencies = (
				C3B54C6B2D61C06000916BE5 /* PBXTargetDependency */,
			);
			fileSystemSynchronizedGroups = (
				C3B54C6C2D61C06000916BE5 /* iSalahUITests */,
			);
			name = iSalahUITests;
			packageProductDependencies = (
			);
			productName = iSalahUITests;
			productReference = C3B54C692D61C06000916BE5 /* iSalahUITests.xctest */;
			productType = "com.apple.product-type.bundle.ui-testing";
		};
/* End PBXNativeTarget section */

/* Begin PBXProject section */
		C3B54C422D61C05E00916BE5 /* Project object */ = {
			isa = PBXProject;
			attributes = {
				BuildIndependentTargetsInParallel = 1;
				LastSwiftUpdateCheck = 1620;
				LastUpgradeCheck = 1620;
				TargetAttributes = {
					C3B54C492D61C05E00916BE5 = {
						CreatedOnToolsVersion = 16.2;
					};
					C3B54C5E2D61C06000916BE5 = {
						CreatedOnToolsVersion = 16.2;
						TestTargetID = C3B54C492D61C05E00916BE5;
					};
					C3B54C682D61C06000916BE5 = {
						CreatedOnToolsVersion = 16.2;
						TestTargetID = C3B54C492D61C05E00916BE5;
					};
				};
			};
			buildConfigurationList = C3B54C452D61C05E00916BE5 /* Build configuration list for PBXProject "iSalah" */;
			developmentRegion = en;
			hasScannedForEncodings = 0;
			knownRegions = (
				en,
				Base,
				tr,
				"en-GB",
				da,
				hi,
				pl,
				ar,
				"en-IN",
				fr,
				id,
				hu,
				de,
				ja,
				ko,
				ru,
				vi,
				"zh-HK",
				it,
				"ku-TR",
				ro,
				"pt-BR",
				nl,
				"es-US",
				"zh-Hans",
				"pt-PT",
				th,
				el,
				"en-AU",
				ms,
			);
			mainGroup = C3B54C412D61C05E00916BE5;
			minimizedProjectReferenceProxies = 1;
			packageReferences = (
				C30D53332D700CDF00508436 /* XCRemoteSwiftPackageReference "purchases-ios" */,
				C30D533A2D700D8100508436 /* XCRemoteSwiftPackageReference "firebase-ios-sdk" */,
			);
			preferredProjectObjectVersion = 77;
			productRefGroup = C3B54C4B2D61C05E00916BE5 /* Products */;
			projectDirPath = "";
			projectRoot = "";
			targets = (
				C3B54C492D61C05E00916BE5 /* iSalah */,
				C3B54C5E2D61C06000916BE5 /* iSalahTests */,
				C3B54C682D61C06000916BE5 /* iSalahUITests */,
			);
		};
/* End PBXProject section */

/* Begin PBXResourcesBuildPhase section */
		C3B54C482D61C05E00916BE5 /* Resources */ = {
			isa = PBXResourcesBuildPhase;
			buildActionMask = 2147483647;
			files = (
			);
			runOnlyForDeploymentPostprocessing = 0;
		};
		C3B54C5D2D61C06000916BE5 /* Resources */ = {
			isa = PBXResourcesBuildPhase;
			buildActionMask = 2147483647;
			files = (
			);
			runOnlyForDeploymentPostprocessing = 0;
		};
		C3B54C672D61C06000916BE5 /* Resources */ = {
			isa = PBXResourcesBuildPhase;
			buildActionMask = 2147483647;
			files = (
			);
			runOnlyForDeploymentPostprocessing = 0;
		};
/* End PBXResourcesBuildPhase section */

/* Begin PBXSourcesBuildPhase section */
		C3B54C462D61C05E00916BE5 /* Sources */ = {
			isa = PBXSourcesBuildPhase;
			buildActionMask = 2147483647;
			files = (
			);
			runOnlyForDeploymentPostprocessing = 0;
		};
		C3B54C5B2D61C06000916BE5 /* Sources */ = {
			isa = PBXSourcesBuildPhase;
			buildActionMask = 2147483647;
			files = (
			);
			runOnlyForDeploymentPostprocessing = 0;
		};
		C3B54C652D61C06000916BE5 /* Sources */ = {
			isa = PBXSourcesBuildPhase;
			buildActionMask = 2147483647;
			files = (
			);
			runOnlyForDeploymentPostprocessing = 0;
		};
/* End PBXSourcesBuildPhase section */

/* Begin PBXTargetDependency section */
		C3B54C612D61C06000916BE5 /* PBXTargetDependency */ = {
			isa = PBXTargetDependency;
			target = C3B54C492D61C05E00916BE5 /* iSalah */;
			targetProxy = C3B54C602D61C06000916BE5 /* PBXContainerItemProxy */;
		};
		C3B54C6B2D61C06000916BE5 /* PBXTargetDependency */ = {
			isa = PBXTargetDependency;
			target = C3B54C492D61C05E00916BE5 /* iSalah */;
			targetProxy = C3B54C6A2D61C06000916BE5 /* PBXContainerItemProxy */;
		};
/* End PBXTargetDependency section */

/* Begin XCBuildConfiguration section */
		C3B54C712D61C06000916BE5 /* Debug */ = {
			isa = XCBuildConfiguration;
			buildSettings = {
				ALWAYS_SEARCH_USER_PATHS = NO;
				ASSETCATALOG_COMPILER_GENERATE_SWIFT_ASSET_SYMBOL_EXTENSIONS = YES;
				CLANG_ANALYZER_NONNULL = YES;
				CLANG_ANALYZER_NUMBER_OBJECT_CONVERSION = YES_AGGRESSIVE;
				CLANG_CXX_LANGUAGE_STANDARD = "gnu++20";
				CLANG_ENABLE_MODULES = YES;
				CLANG_ENABLE_OBJC_ARC = YES;
				CLANG_ENABLE_OBJC_WEAK = YES;
				CLANG_WARN_BLOCK_CAPTURE_AUTORELEASING = YES;
				CLANG_WARN_BOOL_CONVERSION = YES;
				CLANG_WARN_COMMA = YES;
				CLANG_WARN_CONSTANT_CONVERSION = YES;
				CLANG_WARN_DEPRECATED_OBJC_IMPLEMENTATIONS = YES;
				CLANG_WARN_DIRECT_OBJC_ISA_USAGE = YES_ERROR;
				CLANG_WARN_DOCUMENTATION_COMMENTS = YES;
				CLANG_WARN_EMPTY_BODY = YES;
				CLANG_WARN_ENUM_CONVERSION = YES;
				CLANG_WARN_INFINITE_RECURSION = YES;
				CLANG_WARN_INT_CONVERSION = YES;
				CLANG_WARN_NON_LITERAL_NULL_CONVERSION = YES;
				CLANG_WARN_OBJC_IMPLICIT_RETAIN_SELF = YES;
				CLANG_WARN_OBJC_LITERAL_CONVERSION = YES;
				CLANG_WARN_OBJC_ROOT_CLASS = YES_ERROR;
				CLANG_WARN_QUOTED_INCLUDE_IN_FRAMEWORK_HEADER = YES;
				CLANG_WARN_RANGE_LOOP_ANALYSIS = YES;
				CLANG_WARN_STRICT_PROTOTYPES = YES;
				CLANG_WARN_SUSPICIOUS_MOVE = YES;
				CLANG_WARN_UNGUARDED_AVAILABILITY = YES_AGGRESSIVE;
				CLANG_WARN_UNREACHABLE_CODE = YES;
				CLANG_WARN__DUPLICATE_METHOD_MATCH = YES;
				COPY_PHASE_STRIP = NO;
				DEBUG_INFORMATION_FORMAT = dwarf;
				ENABLE_STRICT_OBJC_MSGSEND = YES;
				ENABLE_TESTABILITY = YES;
				ENABLE_USER_SCRIPT_SANDBOXING = YES;
				GCC_C_LANGUAGE_STANDARD = gnu17;
				GCC_DYNAMIC_NO_PIC = NO;
				GCC_NO_COMMON_BLOCKS = YES;
				GCC_OPTIMIZATION_LEVEL = 0;
				GCC_PREPROCESSOR_DEFINITIONS = (
					"DEBUG=1",
					"$(inherited)",
				);
				GCC_WARN_64_TO_32_BIT_CONVERSION = YES;
				GCC_WARN_ABOUT_RETURN_TYPE = YES_ERROR;
				GCC_WARN_UNDECLARED_SELECTOR = YES;
				GCC_WARN_UNINITIALIZED_AUTOS = YES_AGGRESSIVE;
				GCC_WARN_UNUSED_FUNCTION = YES;
				GCC_WARN_UNUSED_VARIABLE = YES;
				IPHONEOS_DEPLOYMENT_TARGET = 18.2;
				LOCALIZATION_PREFERS_STRING_CATALOGS = YES;
				MTL_ENABLE_DEBUG_INFO = INCLUDE_SOURCE;
				MTL_FAST_MATH = YES;
				ONLY_ACTIVE_ARCH = YES;
				SDKROOT = iphoneos;
				SWIFT_ACTIVE_COMPILATION_CONDITIONS = "DEBUG $(inherited)";
				SWIFT_EMIT_LOC_STRINGS = YES;
				SWIFT_OPTIMIZATION_LEVEL = "-Onone";
			};
			name = Debug;
		};
		C3B54C722D61C06000916BE5 /* Release */ = {
			isa = XCBuildConfiguration;
			buildSettings = {
				ALWAYS_SEARCH_USER_PATHS = NO;
				ASSETCATALOG_COMPILER_GENERATE_SWIFT_ASSET_SYMBOL_EXTENSIONS = YES;
				CLANG_ANALYZER_NONNULL = YES;
				CLANG_ANALYZER_NUMBER_OBJECT_CONVERSION = YES_AGGRESSIVE;
				CLANG_CXX_LANGUAGE_STANDARD = "gnu++20";
				CLANG_ENABLE_MODULES = YES;
				CLANG_ENABLE_OBJC_ARC = YES;
				CLANG_ENABLE_OBJC_WEAK = YES;
				CLANG_WARN_BLOCK_CAPTURE_AUTORELEASING = YES;
				CLANG_WARN_BOOL_CONVERSION = YES;
				CLANG_WARN_COMMA = YES;
				CLANG_WARN_CONSTANT_CONVERSION = YES;
				CLANG_WARN_DEPRECATED_OBJC_IMPLEMENTATIONS = YES;
				CLANG_WARN_DIRECT_OBJC_ISA_USAGE = YES_ERROR;
				CLANG_WARN_DOCUMENTATION_COMMENTS = YES;
				CLANG_WARN_EMPTY_BODY = YES;
				CLANG_WARN_ENUM_CONVERSION = YES;
				CLANG_WARN_INFINITE_RECURSION = YES;
				CLANG_WARN_INT_CONVERSION = YES;
				CLANG_WARN_NON_LITERAL_NULL_CONVERSION = YES;
				CLANG_WARN_OBJC_IMPLICIT_RETAIN_SELF = YES;
				CLANG_WARN_OBJC_LITERAL_CONVERSION = YES;
				CLANG_WARN_OBJC_ROOT_CLASS = YES_ERROR;
				CLANG_WARN_QUOTED_INCLUDE_IN_FRAMEWORK_HEADER = YES;
				CLANG_WARN_RANGE_LOOP_ANALYSIS = YES;
				CLANG_WARN_STRICT_PROTOTYPES = YES;
				CLANG_WARN_SUSPICIOUS_MOVE = YES;
				CLANG_WARN_UNGUARDED_AVAILABILITY = YES_AGGRESSIVE;
				CLANG_WARN_UNREACHABLE_CODE = YES;
				CLANG_WARN__DUPLICATE_METHOD_MATCH = YES;
				COPY_PHASE_STRIP = NO;
				DEBUG_INFORMATION_FORMAT = "dwarf-with-dsym";
				ENABLE_NS_ASSERTIONS = NO;
				ENABLE_STRICT_OBJC_MSGSEND = YES;
				ENABLE_USER_SCRIPT_SANDBOXING = YES;
				GCC_C_LANGUAGE_STANDARD = gnu17;
				GCC_NO_COMMON_BLOCKS = YES;
				GCC_WARN_64_TO_32_BIT_CONVERSION = YES;
				GCC_WARN_ABOUT_RETURN_TYPE = YES_ERROR;
				GCC_WARN_UNDECLARED_SELECTOR = YES;
				GCC_WARN_UNINITIALIZED_AUTOS = YES_AGGRESSIVE;
				GCC_WARN_UNUSED_FUNCTION = YES;
				GCC_WARN_UNUSED_VARIABLE = YES;
				IPHONEOS_DEPLOYMENT_TARGET = 18.2;
				LOCALIZATION_PREFERS_STRING_CATALOGS = YES;
				MTL_ENABLE_DEBUG_INFO = NO;
				MTL_FAST_MATH = YES;
				SDKROOT = iphoneos;
				SWIFT_COMPILATION_MODE = wholemodule;
				SWIFT_EMIT_LOC_STRINGS = YES;
				VALIDATE_PRODUCT = YES;
			};
			name = Release;
		};
		C3B54C742D61C06000916BE5 /* Debug */ = {
			isa = XCBuildConfiguration;
			buildSettings = {
				ASSETCATALOG_COMPILER_APPICON_NAME = AppIcon;
				ASSETCATALOG_COMPILER_GLOBAL_ACCENT_COLOR_NAME = AccentColor;
				CODE_SIGN_STYLE = Automatic;
				CURRENT_PROJECT_VERSION = 1;
				DEVELOPMENT_ASSET_PATHS = "\"iSalah/Preview Content\"";
				DEVELOPMENT_TEAM = MW2482B7WH;
				ENABLE_PREVIEWS = YES;
				GENERATE_INFOPLIST_FILE = YES;
				INFOPLIST_FILE = iSalah/Source/Info.plist;
				INFOPLIST_KEY_CFBundleDisplayName = AISalah;
				INFOPLIST_KEY_LSApplicationCategoryType = "public.app-category.lifestyle";
				INFOPLIST_KEY_NSLocationAlwaysAndWhenInUseUsageDescription = "";
				INFOPLIST_KEY_NSLocationWhenInUseUsageDescription = "";
				INFOPLIST_KEY_UIApplicationSceneManifest_Generation = YES;
				INFOPLIST_KEY_UIApplicationSupportsIndirectInputEvents = YES;
				INFOPLIST_KEY_UILaunchScreen_Generation = YES;
				INFOPLIST_KEY_UISupportedInterfaceOrientations = UIInterfaceOrientationPortrait;
				INFOPLIST_KEY_UISupportedInterfaceOrientations_iPad = "UIInterfaceOrientationLandscapeLeft UIInterfaceOrientationLandscapeRight UIInterfaceOrientationPortrait UIInterfaceOrientationPortraitUpsideDown";
				IPHONEOS_DEPLOYMENT_TARGET = 17.6;
				LD_RUNPATH_SEARCH_PATHS = (
					"$(inherited)",
					"@executable_path/Frameworks",
				);
				MARKETING_VERSION = 0.3;
				PRODUCT_BUNDLE_IDENTIFIER = Azman.iSalah;
				PRODUCT_NAME = "$(TARGET_NAME)";
				SUPPORTED_PLATFORMS = "iphoneos iphonesimulator";
				SUPPORTS_MACCATALYST = NO;
				SUPPORTS_MAC_DESIGNED_FOR_IPHONE_IPAD = NO;
				SUPPORTS_XR_DESIGNED_FOR_IPHONE_IPAD = NO;
				SWIFT_EMIT_LOC_STRINGS = YES;
				SWIFT_VERSION = 5.0;
				TARGETED_DEVICE_FAMILY = 1;
			};
			name = Debug;
		};
		C3B54C752D61C06000916BE5 /* Release */ = {
			isa = XCBuildConfiguration;
			buildSettings = {
				ASSETCATALOG_COMPILER_APPICON_NAME = AppIcon;
				ASSETCATALOG_COMPILER_GLOBAL_ACCENT_COLOR_NAME = AccentColor;
				CODE_SIGN_STYLE = Automatic;
				CURRENT_PROJECT_VERSION = 1;
				DEVELOPMENT_ASSET_PATHS = "\"iSalah/Preview Content\"";
				DEVELOPMENT_TEAM = MW2482B7WH;
				ENABLE_PREVIEWS = YES;
				GENERATE_INFOPLIST_FILE = YES;
				INFOPLIST_FILE = iSalah/Source/Info.plist;
				INFOPLIST_KEY_CFBundleDisplayName = AISalah;
				INFOPLIST_KEY_LSApplicationCategoryType = "public.app-category.lifestyle";
				INFOPLIST_KEY_NSLocationAlwaysAndWhenInUseUsageDescription = "";
				INFOPLIST_KEY_NSLocationWhenInUseUsageDescription = "";
				INFOPLIST_KEY_UIApplicationSceneManifest_Generation = YES;
				INFOPLIST_KEY_UIApplicationSupportsIndirectInputEvents = YES;
				INFOPLIST_KEY_UILaunchScreen_Generation = YES;
				INFOPLIST_KEY_UISupportedInterfaceOrientations = UIInterfaceOrientationPortrait;
				INFOPLIST_KEY_UISupportedInterfaceOrientations_iPad = "UIInterfaceOrientationLandscapeLeft UIInterfaceOrientationLandscapeRight UIInterfaceOrientationPortrait UIInterfaceOrientationPortraitUpsideDown";
				IPHONEOS_DEPLOYMENT_TARGET = 17.6;
				LD_RUNPATH_SEARCH_PATHS = (
					"$(inherited)",
					"@executable_path/Frameworks",
				);
				MARKETING_VERSION = 0.3;
				PRODUCT_BUNDLE_IDENTIFIER = Azman.iSalah;
				PRODUCT_NAME = "$(TARGET_NAME)";
				SUPPORTED_PLATFORMS = "iphoneos iphonesimulator";
				SUPPORTS_MACCATALYST = NO;
				SUPPORTS_MAC_DESIGNED_FOR_IPHONE_IPAD = NO;
				SUPPORTS_XR_DESIGNED_FOR_IPHONE_IPAD = NO;
				SWIFT_EMIT_LOC_STRINGS = YES;
				SWIFT_VERSION = 5.0;
				TARGETED_DEVICE_FAMILY = 1;
			};
			name = Release;
		};
		C3B54C772D61C06000916BE5 /* Debug */ = {
			isa = XCBuildConfiguration;
			buildSettings = {
				BUNDLE_LOADER = "$(TEST_HOST)";
				CODE_SIGN_STYLE = Automatic;
				CURRENT_PROJECT_VERSION = 1;
				DEVELOPMENT_TEAM = MW2482B7WH;
				GENERATE_INFOPLIST_FILE = YES;
				IPHONEOS_DEPLOYMENT_TARGET = 18.2;
				MARKETING_VERSION = 1.0;
				PRODUCT_BUNDLE_IDENTIFIER = Azman.iSalahTests;
				PRODUCT_NAME = "$(TARGET_NAME)";
				SWIFT_EMIT_LOC_STRINGS = NO;
				SWIFT_VERSION = 5.0;
				TARGETED_DEVICE_FAMILY = "1,2";
				TEST_HOST = "$(BUILT_PRODUCTS_DIR)/iSalah.app/$(BUNDLE_EXECUTABLE_FOLDER_PATH)/iSalah";
			};
			name = Debug;
		};
		C3B54C782D61C06000916BE5 /* Release */ = {
			isa = XCBuildConfiguration;
			buildSettings = {
				BUNDLE_LOADER = "$(TEST_HOST)";
				CODE_SIGN_STYLE = Automatic;
				CURRENT_PROJECT_VERSION = 1;
				DEVELOPMENT_TEAM = MW2482B7WH;
				GENERATE_INFOPLIST_FILE = YES;
				IPHONEOS_DEPLOYMENT_TARGET = 18.2;
				MARKETING_VERSION = 1.0;
				PRODUCT_BUNDLE_IDENTIFIER = Azman.iSalahTests;
				PRODUCT_NAME = "$(TARGET_NAME)";
				SWIFT_EMIT_LOC_STRINGS = NO;
				SWIFT_VERSION = 5.0;
				TARGETED_DEVICE_FAMILY = "1,2";
				TEST_HOST = "$(BUILT_PRODUCTS_DIR)/iSalah.app/$(BUNDLE_EXECUTABLE_FOLDER_PATH)/iSalah";
			};
			name = Release;
		};
		C3B54C7A2D61C06000916BE5 /* Debug */ = {
			isa = XCBuildConfiguration;
			buildSettings = {
				CODE_SIGN_STYLE = Automatic;
				CURRENT_PROJECT_VERSION = 1;
				DEVELOPMENT_TEAM = MW2482B7WH;
				GENERATE_INFOPLIST_FILE = YES;
				MARKETING_VERSION = 1.0;
				PRODUCT_BUNDLE_IDENTIFIER = Azman.iSalahUITests;
				PRODUCT_NAME = "$(TARGET_NAME)";
				SWIFT_EMIT_LOC_STRINGS = NO;
				SWIFT_VERSION = 5.0;
				TARGETED_DEVICE_FAMILY = "1,2";
				TEST_TARGET_NAME = iSalah;
			};
			name = Debug;
		};
		C3B54C7B2D61C06000916BE5 /* Release */ = {
			isa = XCBuildConfiguration;
			buildSettings = {
				CODE_SIGN_STYLE = Automatic;
				CURRENT_PROJECT_VERSION = 1;
				DEVELOPMENT_TEAM = MW2482B7WH;
				GENERATE_INFOPLIST_FILE = YES;
				MARKETING_VERSION = 1.0;
				PRODUCT_BUNDLE_IDENTIFIER = Azman.iSalahUITests;
				PRODUCT_NAME = "$(TARGET_NAME)";
				SWIFT_EMIT_LOC_STRINGS = NO;
				SWIFT_VERSION = 5.0;
				TARGETED_DEVICE_FAMILY = "1,2";
				TEST_TARGET_NAME = iSalah;
			};
			name = Release;
		};
/* End XCBuildConfiguration section */

/* Begin XCConfigurationList section */
		C3B54C452D61C05E00916BE5 /* Build configuration list for PBXProject "iSalah" */ = {
			isa = XCConfigurationList;
			buildConfigurations = (
				C3B54C712D61C06000916BE5 /* Debug */,
				C3B54C722D61C06000916BE5 /* Release */,
			);
			defaultConfigurationIsVisible = 0;
			defaultConfigurationName = Release;
		};
		C3B54C732D61C06000916BE5 /* Build configuration list for PBXNativeTarget "iSalah" */ = {
			isa = XCConfigurationList;
			buildConfigurations = (
				C3B54C742D61C06000916BE5 /* Debug */,
				C3B54C752D61C06000916BE5 /* Release */,
			);
			defaultConfigurationIsVisible = 0;
			defaultConfigurationName = Release;
		};
		C3B54C762D61C06000916BE5 /* Build configuration list for PBXNativeTarget "iSalahTests" */ = {
			isa = XCConfigurationList;
			buildConfigurations = (
				C3B54C772D61C06000916BE5 /* Debug */,
				C3B54C782D61C06000916BE5 /* Release */,
			);
			defaultConfigurationIsVisible = 0;
			defaultConfigurationName = Release;
		};
		C3B54C792D61C06000916BE5 /* Build configuration list for PBXNativeTarget "iSalahUITests" */ = {
			isa = XCConfigurationList;
			buildConfigurations = (
				C3B54C7A2D61C06000916BE5 /* Debug */,
				C3B54C7B2D61C06000916BE5 /* Release */,
			);
			defaultConfigurationIsVisible = 0;
			defaultConfigurationName = Release;
		};
/* End XCConfigurationList section */

/* Begin XCRemoteSwiftPackageReference section */
		C30D53332D700CDF00508436 /* XCRemoteSwiftPackageReference "purchases-ios" */ = {
			isa = XCRemoteSwiftPackageReference;
			repositoryURL = "https://github.com/RevenueCat/purchases-ios";
			requirement = {
				kind = upToNextMajorVersion;
				minimumVersion = 5.18.0;
			};
		};
		C30D533A2D700D8100508436 /* XCRemoteSwiftPackageReference "firebase-ios-sdk" */ = {
			isa = XCRemoteSwiftPackageReference;
			repositoryURL = "https://github.com/firebase/firebase-ios-sdk";
			requirement = {
				kind = upToNextMajorVersion;
				minimumVersion = 11.9.0;
			};
		};
/* End XCRemoteSwiftPackageReference section */

/* Begin XCSwiftPackageProductDependency section */
		C30D53342D700CDF00508436 /* RevenueCat */ = {
			isa = XCSwiftPackageProductDependency;
			package = C30D53332D700CDF00508436 /* XCRemoteSwiftPackageReference "purchases-ios" */;
			productName = RevenueCat;
		};
		C30D53362D700CDF00508436 /* RevenueCatUI */ = {
			isa = XCSwiftPackageProductDependency;
			package = C30D53332D700CDF00508436 /* XCRemoteSwiftPackageReference "purchases-ios" */;
			productName = RevenueCatUI;
		};
		C30D533B2D700D8100508436 /* FirebaseAnalytics */ = {
			isa = XCSwiftPackageProductDependency;
			package = C30D533A2D700D8100508436 /* XCRemoteSwiftPackageReference "firebase-ios-sdk" */;
			productName = FirebaseAnalytics;
		};
		C30D533D2D700D8100508436 /* FirebaseAppCheck */ = {
			isa = XCSwiftPackageProductDependency;
			package = C30D533A2D700D8100508436 /* XCRemoteSwiftPackageReference "firebase-ios-sdk" */;
			productName = FirebaseAppCheck;
		};
		C30D533F2D700D8100508436 /* FirebaseCrashlytics */ = {
			isa = XCSwiftPackageProductDependency;
			package = C30D533A2D700D8100508436 /* XCRemoteSwiftPackageReference "firebase-ios-sdk" */;
			productName = FirebaseCrashlytics;
		};
		C30D53412D700D8100508436 /* FirebaseFirestore */ = {
			isa = XCSwiftPackageProductDependency;
			package = C30D533A2D700D8100508436 /* XCRemoteSwiftPackageReference "firebase-ios-sdk" */;
			productName = FirebaseFirestore;
		};
		C30D53432D700D8100508436 /* FirebaseFirestoreCombine-Community */ = {
			isa = XCSwiftPackageProductDependency;
			package = C30D533A2D700D8100508436 /* XCRemoteSwiftPackageReference "firebase-ios-sdk" */;
			productName = "FirebaseFirestoreCombine-Community";
		};
		C30D53452D700D8100508436 /* FirebasePerformance */ = {
			isa = XCSwiftPackageProductDependency;
			package = C30D533A2D700D8100508436 /* XCRemoteSwiftPackageReference "firebase-ios-sdk" */;
			productName = FirebasePerformance;
		};
		C30D53472D700D8100508436 /* FirebaseRemoteConfig */ = {
			isa = XCSwiftPackageProductDependency;
			package = C30D533A2D700D8100508436 /* XCRemoteSwiftPackageReference "firebase-ios-sdk" */;
			productName = FirebaseRemoteConfig;
		};
		C30D53492D700D8100508436 /* FirebaseStorage */ = {
			isa = XCSwiftPackageProductDependency;
			package = C30D533A2D700D8100508436 /* XCRemoteSwiftPackageReference "firebase-ios-sdk" */;
			productName = FirebaseStorage;
		};
		C30D534B2D700D8100508436 /* FirebaseStorageCombine-Community */ = {
			isa = XCSwiftPackageProductDependency;
			package = C30D533A2D700D8100508436 /* XCRemoteSwiftPackageReference "firebase-ios-sdk" */;
			productName = "FirebaseStorageCombine-Community";
		};
		C30D53532D7013DE00508436 /* FirebaseAuth */ = {
			isa = XCSwiftPackageProductDependency;
			package = C30D533A2D700D8100508436 /* XCRemoteSwiftPackageReference "firebase-ios-sdk" */;
			productName = FirebaseAuth;
		};
/* End XCSwiftPackageProductDependency section */
	};
	rootObject = C3B54C422D61C05E00916BE5 /* Project object */;
}
